
Microsoft Visual Studio Solution File, Format Version 12.00
# Visual Studio 15
VisualStudioVersion = 15.0.26730.0
MinimumVisualStudioVersion = 10.0.40219.1
Project("{FAE04EC0-301F-11D3-BF4B-00C04F79EFBC}") = "PiFace.Net.CAD", "PiFace.Net.CAD\PiFace.Net.CAD.csproj", "{DE9BB59C-B188-41A4-968E-0C99F56B756A}"
EndProject
Global
	GlobalSection(SolutionConfigurationPlatforms) = preSolution
		Debug|Any CPU = Debug|Any CPU
		Release|Any CPU = Release|Any CPU
	EndGlobalSection
	GlobalSection(ProjectConfigurationPlatforms) = postSolution
		{DE9BB59C-B188-41A4-968E-0C99F56B756A}.Debug|Any CPU.ActiveCfg = Debug|Any CPU
		{DE9BB59C-B188-41A4-968E-0C99F56B756A}.Debug|Any CPU.Build.0 = Debug|Any CPU
		{DE9BB59C-B188-41A4-968E-0C99F56B756A}.Release|Any CPU.ActiveCfg = Release|Any CPU
		{DE9BB59C-B188-41A4-968E-0C99F56B756A}.Release|Any CPU.Build.0 = Release|Any CPU
	EndGlobalSection
	GlobalSection(SolutionProperties) = preSolution
		HideSolutionNode = FALSE
	EndGlobalSection
	GlobalSection(ExtensibilityGlobals) = postSolution
		SolutionGuid = {3A1752C9-71B5-4CCE-AFAB-2F4401C70F16}
	EndGlobalSection
EndGlobal
